
Microsoft Visual Studio Solution File, Format Version 12.00
# Visual Studio Version 17
VisualStudioVersion = 17.3.32929.385
MinimumVisualStudioVersion = 10.0.40219.1
Project("{FAE04EC0-301F-11D3-BF4B-00C04F79EFBC}") = "WebTracNghiem", "WebTracNghiem\WebTracNghiem.csproj", "{476DC37E-CCB2-43BF-B2BE-9298B0C733E2}"
EndProject
Global
	GlobalSection(SolutionConfigurationPlatforms) = preSolution
		Debug|Any CPU = Debug|Any CPU
		Release|Any CPU = Release|Any CPU
	EndGlobalSection
	GlobalSection(ProjectConfigurationPlatforms) = postSolution
		{476DC37E-CCB2-43BF-B2BE-9298B0C733E2}.Debug|Any CPU.ActiveCfg = Debug|Any CPU
		{476DC37E-CCB2-43BF-B2BE-9298B0C733E2}.Debug|Any CPU.Build.0 = Debug|Any CPU
		{476DC37E-CCB2-43BF-B2BE-9298B0C733E2}.Release|Any CPU.ActiveCfg = Release|Any CPU
		{476DC37E-CCB2-43BF-B2BE-9298B0C733E2}.Release|Any CPU.Build.0 = Release|Any CPU
	EndGlobalSection
	GlobalSection(SolutionProperties) = preSolution
		HideSolutionNode = FALSE
	EndGlobalSection
	GlobalSection(ExtensibilityGlobals) = postSolution
		SolutionGuid = {3AF260D2-40F4-48FC-A9E4-C7E8F1354C55}
	EndGlobalSection
EndGlobal
